
Microsoft Visual Studio Solution File, Format Version 12.00
Project("{2150E333-8FDC-42A3-9474-1A3956D46DE8}") = "src", "src", "{AA21AC87-88A0-444A-90F2-C3ED27CC2E94}"
EndProject
Project("{2150E333-8FDC-42A3-9474-1A3956D46DE8}") = "demos", "demos", "{27D936F3-901B-47EC-B44A-66EB49AF639F}"
EndProject
Project("{FAE04EC0-301F-11D3-BF4B-00C04F79EFBC}") = "Zaabee.CodeTimer", "src\Zaabee.CodeTimer\Zaabee.CodeTimer.csproj", "{DA25BE9F-CF85-4618-A0D9-4221712B7AA8}"
EndProject
Project("{FAE04EC0-301F-11D3-BF4B-00C04F79EFBC}") = "CodeTimerDemo", "demos\CodeTimerDemo\CodeTimerDemo.csproj", "{6A7705CB-298B-4009-85B4-A21BBCC436A8}"
EndProject
Global
	GlobalSection(SolutionConfigurationPlatforms) = preSolution
		Debug|Any CPU = Debug|Any CPU
		Release|Any CPU = Release|Any CPU
	EndGlobalSection
	GlobalSection(ProjectConfigurationPlatforms) = postSolution
		{DA25BE9F-CF85-4618-A0D9-4221712B7AA8}.Debug|Any CPU.ActiveCfg = Debug|Any CPU
		{DA25BE9F-CF85-4618-A0D9-4221712B7AA8}.Debug|Any CPU.Build.0 = Debug|Any CPU
		{DA25BE9F-CF85-4618-A0D9-4221712B7AA8}.Release|Any CPU.ActiveCfg = Release|Any CPU
		{DA25BE9F-CF85-4618-A0D9-4221712B7AA8}.Release|Any CPU.Build.0 = Release|Any CPU
		{6A7705CB-298B-4009-85B4-A21BBCC436A8}.Debug|Any CPU.ActiveCfg = Debug|Any CPU
		{6A7705CB-298B-4009-85B4-A21BBCC436A8}.Debug|Any CPU.Build.0 = Debug|Any CPU
		{6A7705CB-298B-4009-85B4-A21BBCC436A8}.Release|Any CPU.ActiveCfg = Release|Any CPU
		{6A7705CB-298B-4009-85B4-A21BBCC436A8}.Release|Any CPU.Build.0 = Release|Any CPU
	EndGlobalSection
	GlobalSection(NestedProjects) = preSolution
		{DA25BE9F-CF85-4618-A0D9-4221712B7AA8} = {AA21AC87-88A0-444A-90F2-C3ED27CC2E94}
		{6A7705CB-298B-4009-85B4-A21BBCC436A8} = {27D936F3-901B-47EC-B44A-66EB49AF639F}
	EndGlobalSection
EndGlobal
